
Microsoft Visual Studio Solution File, Format Version 12.00
# Visual Studio Version 16
VisualStudioVersion = 16.0.31729.503
MinimumVisualStudioVersion = 10.0.40219.1
Project("{9A19103F-16F7-4668-BE54-9A1E7A4F7556}") = "StoolUI", "StoolUI\StoolUI.csproj", "{8AB30D00-5A87-4C7A-A02F-95871099600F}"
EndProject
Project("{FAE04EC0-301F-11D3-BF4B-00C04F79EFBC}") = "Stool", "Stool\Stool.csproj", "{61AB9309-5471-461B-8A62-C98587D20298}"
EndProject
Project("{FAE04EC0-301F-11D3-BF4B-00C04F79EFBC}") = "StoolBuilder", "StoolBuilder\StoolBuilder.csproj", "{B3305896-44BD-497C-9058-A5CA6A270CFB}"
EndProject
Global
	GlobalSection(SolutionConfigurationPlatforms) = preSolution
		Debug|Any CPU = Debug|Any CPU
		Release|Any CPU = Release|Any CPU
	EndGlobalSection
	GlobalSection(ProjectConfigurationPlatforms) = postSolution
		{8AB30D00-5A87-4C7A-A02F-95871099600F}.Debug|Any CPU.ActiveCfg = Debug|Any CPU
		{8AB30D00-5A87-4C7A-A02F-95871099600F}.Debug|Any CPU.Build.0 = Debug|Any CPU
		{8AB30D00-5A87-4C7A-A02F-95871099600F}.Release|Any CPU.ActiveCfg = Release|Any CPU
		{8AB30D00-5A87-4C7A-A02F-95871099600F}.Release|Any CPU.Build.0 = Release|Any CPU
		{61AB9309-5471-461B-8A62-C98587D20298}.Debug|Any CPU.ActiveCfg = Debug|Any CPU
		{61AB9309-5471-461B-8A62-C98587D20298}.Debug|Any CPU.Build.0 = Debug|Any CPU
		{61AB9309-5471-461B-8A62-C98587D20298}.Release|Any CPU.ActiveCfg = Release|Any CPU
		{61AB9309-5471-461B-8A62-C98587D20298}.Release|Any CPU.Build.0 = Release|Any CPU
		{B3305896-44BD-497C-9058-A5CA6A270CFB}.Debug|Any CPU.ActiveCfg = Debug|Any CPU
		{B3305896-44BD-497C-9058-A5CA6A270CFB}.Debug|Any CPU.Build.0 = Debug|Any CPU
		{B3305896-44BD-497C-9058-A5CA6A270CFB}.Release|Any CPU.ActiveCfg = Release|Any CPU
		{B3305896-44BD-497C-9058-A5CA6A270CFB}.Release|Any CPU.Build.0 = Release|Any CPU
	EndGlobalSection
	GlobalSection(SolutionProperties) = preSolution
		HideSolutionNode = FALSE
	EndGlobalSection
	GlobalSection(ExtensibilityGlobals) = postSolution
		SolutionGuid = {82B49AFD-B11F-4C56-A5F8-B40086A88CEC}
	EndGlobalSection
EndGlobal
